{
  "name": "excalibur",
  "lockfileVersion": 3,
  "requires": true,
  "packages": {
    "": {
      "dependencies": {
        "excalibur": "^0.30.3"
      }
    },
    "node_modules/excalibur": {
      "version": "0.30.3",
      "resolved": "https://registry.npmjs.org/excalibur/-/excalibur-0.30.3.tgz",
      "integrity": "sha512-RUP3qQ6tFe9BJxvqh6p/I0B9rKMu+KGlHZruJyVOohiYUtCP0LsRgkVHxezvWtWsvCElVBL4PeCooE4KPlIldA==",
      "license": "BSD-2-Clause"
    }
  }
}
